{
  "name": "codemirror",
  "requires": true,
  "lockfileVersion": 1,
  "dependencies": {
    "@babel/code-frame": {
      "version": "7.5.5",
      "resolved": "https://registry.npmjs.org/@babel/code-frame/-/code-frame-7.5.5.tgz",
      "integrity": "sha512-27d4lZoomVyo51VegxI20xZPuSHusqbQag/ztrBC7wegWoQ1nLREPVSKSW8byhTlzTKyNE4ifaTA6lCp7JjpFw==",
      "requires": {
        "@babel/highlight": "^7.0.0"
      }
    },
    "@babel/highlight": {
      "version": "7.5.0",
      "resolved": "https://registry.npmjs.org/@babel/highlight/-/highlight-7.5.0.tgz",
      "integrity": "sha512-7dV4eu9gBxoM0dAnj/BCFDW9LFU0zvTrkq0ugM7pnHEgguOEeOz1so2ZghEdzviYzQEED0r4EAgpsBChKy1TRQ==",
      "requires": {
        "chalk": "^2.0.0",
        "esutils": "^2.0.2",
        "js-tokens": "^4.0.0"
      }
    },
    "@codemirror/next": {
      "version": "0.3.0",
      "resolved": "https://registry.npmjs.org/@codemirror/next/-/next-0.3.0.tgz",
      "integrity": "sha512-1ncBYFn+ZSUa24LX75pgB24rv2nn8XczeFm992qU3s/DduTz2MFOjzRUjO2ivMBAwYcorpwDn7AGdKPXK8cE5w==",
      "requires": {
        "lezer": "^0.5.0",
        "lezer-css": "^0.5.0",
        "lezer-html": "^0.5.0",
        "lezer-javascript": "^0.5.0",
        "lezer-tree": "^0.5.1",
        "style-mod": "^2.1.0",
        "w3c-keyname": "^2.1.1"
      }
    },
    "@nlib/afs": {
      "version": "3.15.1",
      "resolved": "https://registry.npmjs.org/@nlib/afs/-/afs-3.15.1.tgz",
      "integrity": "sha512-dgUxIo4p71eIKQMVO7vp1EsolIroV2U56SmCQ1FJz8cAzYtGQxZSHdFCRJI+oM2DhDnPqSBvRcZVTIU/Yzb0eg==",
      "requires": {
        "@nlib/util": "^3.13.3",
        "semver": "^6.3.0"
      }
    },
    "@nlib/global": {
      "version": "3.12.0",
      "resolved": "https://registry.npmjs.org/@nlib/global/-/global-3.12.0.tgz",
      "integrity": "sha512-ioxaXKa64urowufNJbc+Gy4u7U7wrmMywproqjC/e0w8+hIP2vDFpcxCzmoC+Hzkg0qz83Z7+KCFGIrXVBck/w=="
    },
    "@nlib/infra": {
      "version": "3.13.4",
      "resolved": "https://registry.npmjs.org/@nlib/infra/-/infra-3.13.4.tgz",
      "integrity": "sha512-zfjOCZarSdtdRDC2Ms/xW8dNMfWehG57XD43MOsnYzs5ro5L/ww8fcMk3w2jFDknEeXV6u7tnWT8ynI7pLCS1w==",
      "requires": {
        "@nlib/global": "^3.12.0",
        "@nlib/real-number": "^3.13.4",
        "@nlib/util": "^3.13.3"
      }
    },
    "@nlib/nbnf": {
      "version": "3.15.1",
      "resolved": "https://registry.npmjs.org/@nlib/nbnf/-/nbnf-3.15.1.tgz",
      "integrity": "sha512-S+FcT+x4Hj8SneGQj3ncyDI8Er5eUISIFFHJ+wsnHDe+7W7OhvkhJafbUBScBF/mcIpG6D0/HlL0Y+wEMkuTjg==",
      "requires": {
        "@nlib/global": "^3.12.0",
        "@nlib/infra": "^3.13.4",
        "@nlib/number": "^3.12.0",
        "@nlib/real-number": "^3.13.4",
        "@nlib/util": "^3.13.3"
      }
    },
    "@nlib/number": {
      "version": "3.12.0",
      "resolved": "https://registry.npmjs.org/@nlib/number/-/number-3.12.0.tgz",
      "integrity": "sha512-RAyIHRppztTOpc/9yZ6LZM5m6/mGBdgWR1IIGUwplroE18qx4RCaUUKSAgXI0Yn6f3Xsc4bnTWU4svSW7vxVEw==",
      "requires": {
        "@nlib/global": "^3.12.0"
      }
    },
    "@nlib/real-number": {
      "version": "3.13.4",
      "resolved": "https://registry.npmjs.org/@nlib/real-number/-/real-number-3.13.4.tgz",
      "integrity": "sha512-dgeZpzI2CyTvB+G/9jIzyGX1I/xdUrOIRvRSGsGhhk9NdyjVuRw7NoSLuuXGh1onbgul/gFvbILjKET8IIY0gA==",
      "requires": {
        "@nlib/global": "^3.12.0",
        "@nlib/number": "^3.12.0",
        "@nlib/util": "^3.13.3"
      }
    },
    "@nlib/util": {
      "version": "3.13.3",
      "resolved": "https://registry.npmjs.org/@nlib/util/-/util-3.13.3.tgz",
      "integrity": "sha512-snl/YXSwY7qX0fx4k7KlfjlCUCyHceOzO6Tyhno9nYHh1alVSwEi7HvWn7HANdH5PW6VPr8rLoy300TxuohHxA==",
      "requires": {
        "@nlib/global": "^3.12.0"
      }
    },
    "@types/estree": {
      "version": "0.0.39",
      "resolved": "https://registry.npmjs.org/@types/estree/-/estree-0.0.39.tgz",
      "integrity": "sha512-EYNwp3bU+98cpU4lAWYYL7Zz+2gryWH1qbdDTidVd6hkiR6weksdbMadyXKXNPEkQFhXM+hVO9ZygomHXp+AIw==",
      "dev": true
    },
    "@types/node": {
      "version": "12.12.17",
      "resolved": "https://registry.npmjs.org/@types/node/-/node-12.12.17.tgz",
      "integrity": "sha512-Is+l3mcHvs47sKy+afn2O1rV4ldZFU7W8101cNlOd+MRbjM4Onida8jSZnJdTe/0Pcf25g9BNIUsuugmE6puHA==",
      "dev": true
    },
    "@types/resolve": {
      "version": "0.0.8",
      "resolved": "https://registry.npmjs.org/@types/resolve/-/resolve-0.0.8.tgz",
      "integrity": "sha512-auApPaJf3NPfe18hSoJkp8EbZzer2ISk7o8mCC3M9he/a04+gbMF97NkpD2S8riMGvm4BMRI59/SZQSaLTKpsQ==",
      "dev": true,
      "requires": {
        "@types/node": "*"
      }
    },
    "@vue/composition-api": {
      "version": "0.3.4",
      "resolved": "https://registry.npmjs.org/@vue/composition-api/-/composition-api-0.3.4.tgz",
      "integrity": "sha512-aMbg/pEk0PSQAIFyWWLqbAmaCCTx1kFq+49KZslIBJH9Wqos7eEPLtMv4gGxd/EcciBIgfbtUXaXGg/O3mheRA==",
      "requires": {
        "tslib": "^1.9.3"
      }
    },
    "acorn": {
      "version": "7.1.0",
      "resolved": "https://registry.npmjs.org/acorn/-/acorn-7.1.0.tgz",
      "integrity": "sha512-kL5CuoXA/dgxlBbVrflsflzQ3PAas7RYZB52NOm/6839iVYJgKMJ3cQJD+t2i5+qFa8h3MDpEOJiS64E8JLnSQ=="
    },
    "acorn-dynamic-import": {
      "version": "4.0.0",
      "resolved": "https://registry.npmjs.org/acorn-dynamic-import/-/acorn-dynamic-import-4.0.0.tgz",
      "integrity": "sha512-d3OEjQV4ROpoflsnUA8HozoIR504TFxNivYEUi6uwz0IYhBkTDXGuWlNdMtybRt3nqVx/L6XqMt0FxkXuWKZhw=="
    },
    "acorn-walk": {
      "version": "7.0.0",
      "resolved": "https://registry.npmjs.org/acorn-walk/-/acorn-walk-7.0.0.tgz",
      "integrity": "sha512-7Bv1We7ZGuU79zZbb6rRqcpxo3OY+zrdtloZWoyD8fmGX+FeXRjE+iuGkZjSXLVovLzrsvMGMy0EkwA0E0umxg=="
    },
    "ansi-styles": {
      "version": "3.2.1",
      "resolved": "https://registry.npmjs.org/ansi-styles/-/ansi-styles-3.2.1.tgz",
      "integrity": "sha512-VT0ZI6kZRdTh8YyJw3SMbYm/u+NqfsAxEpWO0Pf9sq8/e94WxxOpPKx9FR1FlyCtOVDNOQ+8ntlqFxiRc+r5qA==",
      "requires": {
        "color-convert": "^1.9.0"
      }
    },
    "anymatch": {
      "version": "3.1.1",
      "resolved": "https://registry.npmjs.org/anymatch/-/anymatch-3.1.1.tgz",
      "integrity": "sha512-mM8522psRCqzV+6LhomX5wgp25YVibjh8Wj23I5RPkPppSVSjyKD2A2mBJmWGa+KN7f2D6LNh9jkBCeyLktzjg==",
      "requires": {
        "normalize-path": "^3.0.0",
        "picomatch": "^2.0.4"
      }
    },
    "binary-extensions": {
      "version": "2.0.0",
      "resolved": "https://registry.npmjs.org/binary-extensions/-/binary-extensions-2.0.0.tgz",
      "integrity": "sha512-Phlt0plgpIIBOGTT/ehfFnbNlfsDEiqmzE2KRXoX1bLIlir4X/MR+zSyBEkL05ffWgnRSf/DXv+WrUAVr93/ow=="
    },
    "braces": {
      "version": "3.0.2",
      "resolved": "https://registry.npmjs.org/braces/-/braces-3.0.2.tgz",
      "integrity": "sha512-b8um+L1RzM3WDSzvhm6gIz1yfTbBt6YTlcEKAvsmqCZZFw46z626lVj9j1yEPW33H5H+lBQpZMP1k8l+78Ha0A==",
      "requires": {
        "fill-range": "^7.0.1"
      }
    },
    "buffer-from": {
      "version": "1.1.1",
      "resolved": "https://registry.npmjs.org/buffer-from/-/buffer-from-1.1.1.tgz",
      "integrity": "sha512-MQcXEUbCKtEo7bhqEs6560Hyd4XaovZlO/k9V3hjVUF/zwW7KBVdSK4gIt/bzwS9MbR5qob+F5jusZsb0YQK2A=="
    },
    "builtin-modules": {
      "version": "3.1.0",
      "resolved": "https://registry.npmjs.org/builtin-modules/-/builtin-modules-3.1.0.tgz",
      "integrity": "sha512-k0KL0aWZuBt2lrxrcASWDfwOLMnodeQjodT/1SxEQAXsHANgo6ZC/VEaSEHCXt7aSTZ4/4H5LKa+tBXmW7Vtvw==",
      "dev": true
    },
    "chalk": {
      "version": "2.4.2",
      "resolved": "https://registry.npmjs.org/chalk/-/chalk-2.4.2.tgz",
      "integrity": "sha512-Mti+f9lpJNcwF4tWV8/OrTTtF1gZi+f8FqlyAdouralcFWFQWF2+NgCHShjkCb+IFBLq9buZwE1xckQU4peSuQ==",
      "requires": {
        "ansi-styles": "^3.2.1",
        "escape-string-regexp": "^1.0.5",
        "supports-color": "^5.3.0"
      }
    },
    "chokidar": {
      "version": "3.3.0",
      "resolved": "https://registry.npmjs.org/chokidar/-/chokidar-3.3.0.tgz",
      "integrity": "sha512-dGmKLDdT3Gdl7fBUe8XK+gAtGmzy5Fn0XkkWQuYxGIgWVPPse2CxFA5mtrlD0TOHaHjEUqkWNyP1XdHoJES/4A==",
      "requires": {
        "anymatch": "~3.1.1",
        "braces": "~3.0.2",
        "fsevents": "~2.1.1",
        "glob-parent": "~5.1.0",
        "is-binary-path": "~2.1.0",
        "is-glob": "~4.0.1",
        "normalize-path": "~3.0.0",
        "readdirp": "~3.2.0"
      }
    },
    "clean-css": {
      "version": "4.2.1",
      "resolved": "https://registry.npmjs.org/clean-css/-/clean-css-4.2.1.tgz",
      "integrity": "sha512-4ZxI6dy4lrY6FHzfiy1aEOXgu4LIsW2MhwG0VBKdcoGoH/XLFgaHSdLTGr4O8Be6A8r3MOphEiI8Gc1n0ecf3g==",
      "requires": {
        "source-map": "~0.6.0"
      }
    },
    "color-convert": {
      "version": "1.9.3",
      "resolved": "https://registry.npmjs.org/color-convert/-/color-convert-1.9.3.tgz",
      "integrity": "sha512-QfAUtd+vFdAtFQcC8CCyYt1fYWxSqAiK2cSD6zDB8N3cpsEBAvRxp9zOGg6G/SHHJYAT88/az/IuDGALsNVbGg==",
      "requires": {
        "color-name": "1.1.3"
      }
    },
    "color-name": {
      "version": "1.1.3",
      "resolved": "https://registry.npmjs.org/color-name/-/color-name-1.1.3.tgz",
      "integrity": "sha1-p9BVi9icQveV3UIyj3QIMcpTvCU="
    },
    "commander": {
      "version": "2.20.3",
      "resolved": "https://registry.npmjs.org/commander/-/commander-2.20.3.tgz",
      "integrity": "sha512-GpVkmM8vF2vQUkj2LvZmD35JxeJOLCwJ9cUkugyk2nuhbv3+mJvpLYYt+0+USMxE+oj+ey/lJEnhZw75x/OMcQ=="
    },
    "cssesc": {
      "version": "3.0.0",
      "resolved": "https://registry.npmjs.org/cssesc/-/cssesc-3.0.0.tgz",
      "integrity": "sha512-/Tb/JcjK111nNScGob5MNtsntNM1aCNUDipB/TkwZFhyDrrE47SOx/18wF2bbjgc3ZzCSKW1T5nt5EbFoAz/Vg=="
    },
    "escape-string-regexp": {
      "version": "1.0.5",
      "resolved": "https://registry.npmjs.org/escape-string-regexp/-/escape-string-regexp-1.0.5.tgz",
      "integrity": "sha1-G2HAViGQqN/2rjuyzwIAyhMLhtQ="
    },
    "esifycss": {
      "version": "1.3.12",
      "resolved": "https://registry.npmjs.org/esifycss/-/esifycss-1.3.12.tgz",
      "integrity": "sha512-xljZaaWOL+ZsY6+ErvRGAS96Y7YohO23ndRAvG72j7rfejXE1jrL2Ths3VqNRbxRDFEjM5etTAGcr+goVI8QMg==",
      "requires": {
        "@nlib/nbnf": "^3.13.5",
        "acorn": "^7.1.0",
        "acorn-dynamic-import": "^4.0.0",
        "acorn-walk": "^7.0.0",
        "chokidar": "^3.3.0",
        "commander": "^4.0.1",
        "postcss": "^7.0.24",
        "postcss-selector-parser": "^6.0.2",
        "vlq": "^1.0.1"
      },
      "dependencies": {
        "commander": {
          "version": "4.0.1",
          "resolved": "https://registry.npmjs.org/commander/-/commander-4.0.1.tgz",
          "integrity": "sha512-IPF4ouhCP+qdlcmCedhxX4xiGBPyigb8v5NeUp+0LyhwLgxMqyp3S0vl7TAPfS/hiP7FC3caI/PB9lTmP8r1NA=="
        }
      }
    },
    "estree-walker": {
      "version": "0.6.1",
      "resolved": "https://registry.npmjs.org/estree-walker/-/estree-walker-0.6.1.tgz",
      "integrity": "sha512-SqmZANLWS0mnatqbSfRP5g8OXZC12Fgg1IwNtLsyHDzJizORW4khDfjPqJZsemPWBB2uqykUah5YpQ6epsqC/w=="
    },
    "esutils": {
      "version": "2.0.3",
      "resolved": "https://registry.npmjs.org/esutils/-/esutils-2.0.3.tgz",
      "integrity": "sha512-kVscqXk4OCp68SZ0dkgEKVi6/8ij300KBWTJq32P/dYeWTSwK41WyTxalN1eRmA5Z9UU/LX9D7FWSmV9SAYx6g=="
    },
    "fill-range": {
      "version": "7.0.1",
      "resolved": "https://registry.npmjs.org/fill-range/-/fill-range-7.0.1.tgz",
      "integrity": "sha512-qOo9F+dMUmC2Lcb4BbVvnKJxTPjCm+RRpe4gDuGrzkL7mEVl/djYSu2OdQ2Pa302N4oqkSg9ir6jaLWJ2USVpQ==",
      "requires": {
        "to-regex-range": "^5.0.1"
      }
    },
    "fs-extra": {
      "version": "7.0.1",
      "resolved": "https://registry.npmjs.org/fs-extra/-/fs-extra-7.0.1.tgz",
      "integrity": "sha512-YJDaCJZEnBmcbw13fvdAM9AwNOJwOzrE4pqMqBq5nFiEqXUqHwlK4B+3pUw6JNvfSPtX05xFHtYy/1ni01eGCw==",
      "requires": {
        "graceful-fs": "^4.1.2",
        "jsonfile": "^4.0.0",
        "universalify": "^0.1.0"
      }
    },
    "fsevents": {
      "version": "2.1.2",
      "resolved": "https://registry.npmjs.org/fsevents/-/fsevents-2.1.2.tgz",
      "integrity": "sha512-R4wDiBwZ0KzpgOWetKDug1FZcYhqYnUYKtfZYt4mD5SBz76q0KR4Q9o7GIPamsVPGmW3EYPPJ0dOOjvx32ldZA==",
      "optional": true
    },
    "glob-parent": {
      "version": "5.1.0",
      "resolved": "https://registry.npmjs.org/glob-parent/-/glob-parent-5.1.0.tgz",
      "integrity": "sha512-qjtRgnIVmOfnKUE3NJAQEdk+lKrxfw8t5ke7SXtfMTHcjsBfOfWXCQfdb30zfDoZQ2IRSIiidmjtbHZPZ++Ihw==",
      "requires": {
        "is-glob": "^4.0.1"
      }
    },
    "graceful-fs": {
      "version": "4.2.3",
      "resolved": "https://registry.npmjs.org/graceful-fs/-/graceful-fs-4.2.3.tgz",
      "integrity": "sha512-a30VEBm4PEdx1dRB7MFK7BejejvCvBronbLjht+sHuGYj8PHs7M/5Z+rt5lw551vZ7yfTCj4Vuyy3mSJytDWRQ=="
    },
    "has-flag": {
      "version": "3.0.0",
      "resolved": "https://registry.npmjs.org/has-flag/-/has-flag-3.0.0.tgz",
      "integrity": "sha1-tdRU3CGZriJWmfNGfloH87lVuv0="
    },
    "indexes-of": {
      "version": "1.0.1",
      "resolved": "https://registry.npmjs.org/indexes-of/-/indexes-of-1.0.1.tgz",
      "integrity": "sha1-8w9xbI4r00bHtn0985FVZqfAVgc="
    },
    "inherits": {
      "version": "2.0.3",
      "resolved": "https://registry.npmjs.org/inherits/-/inherits-2.0.3.tgz",
      "integrity": "sha1-Yzwsg+PaQqUC9SRmAiSA9CCCYd4="
    },
    "is-binary-path": {
      "version": "2.1.0",
      "resolved": "https://registry.npmjs.org/is-binary-path/-/is-binary-path-2.1.0.tgz",
      "integrity": "sha512-ZMERYes6pDydyuGidse7OsHxtbI7WVeUEozgR/g7rd0xUimYNlvZRE/K2MgZTjWy725IfelLeVcEM97mmtRGXw==",
      "requires": {
        "binary-extensions": "^2.0.0"
      }
    },
    "is-extglob": {
      "version": "2.1.1",
      "resolved": "https://registry.npmjs.org/is-extglob/-/is-extglob-2.1.1.tgz",
      "integrity": "sha1-qIwCU1eR8C7TfHahueqXc8gz+MI="
    },
    "is-glob": {
      "version": "4.0.1",
      "resolved": "https://registry.npmjs.org/is-glob/-/is-glob-4.0.1.tgz",
      "integrity": "sha512-5G0tKtBTFImOqDnLB2hG6Bp2qcKEFduo4tZu9MT/H6NQv/ghhy30o55ufafxJ/LdH79LLs2Kfrn85TLKyA7BUg==",
      "requires": {
        "is-extglob": "^2.1.1"
      }
    },
    "is-module": {
      "version": "1.0.0",
      "resolved": "https://registry.npmjs.org/is-module/-/is-module-1.0.0.tgz",
      "integrity": "sha1-Mlj7afeMFNW4FdZkM2tM/7ZEFZE=",
      "dev": true
    },
    "is-number": {
      "version": "7.0.0",
      "resolved": "https://registry.npmjs.org/is-number/-/is-number-7.0.0.tgz",
      "integrity": "sha512-41Cifkg6e8TylSpdtTpeLVMqvSBEVzTttHvERD741+pnZ8ANv0004MRL43QKPDlK9cGvNp6NZWZUBlbGXYxxng=="
    },
    "is-reference": {
      "version": "1.1.4",
      "resolved": "https://registry.npmjs.org/is-reference/-/is-reference-1.1.4.tgz",
      "integrity": "sha512-uJA/CDPO3Tao3GTrxYn6AwkM4nUPJiGGYu5+cB8qbC7WGFlrKZbiRo7SFKxUAEpFUfiHofWCXBUNhvYJMh+6zw==",
      "dev": true,
      "requires": {
        "@types/estree": "0.0.39"
      }
    },
    "jest-worker": {
      "version": "24.9.0",
      "resolved": "https://registry.npmjs.org/jest-worker/-/jest-worker-24.9.0.tgz",
      "integrity": "sha512-51PE4haMSXcHohnSMdM42anbvZANYTqMrr52tVKPqqsPJMzoP6FYYDVqahX/HrAoKEKz3uUPzSvKs9A3qR4iVw==",
      "requires": {
        "merge-stream": "^2.0.0",
        "supports-color": "^6.1.0"
      },
      "dependencies": {
        "supports-color": {
          "version": "6.1.0",
          "resolved": "https://registry.npmjs.org/supports-color/-/supports-color-6.1.0.tgz",
          "integrity": "sha512-qe1jfm1Mg7Nq/NSh6XE24gPXROEVsWHxC1LIx//XNlD9iw7YZQGjZNjYN7xGaEG6iKdA8EtNFW6R0gjnVXp+wQ==",
          "requires": {
            "has-flag": "^3.0.0"
          }
        }
      }
    },
    "js-tokens": {
      "version": "4.0.0",
      "resolved": "https://registry.npmjs.org/js-tokens/-/js-tokens-4.0.0.tgz",
      "integrity": "sha512-RdJUflcE3cUzKiMqQgsCu06FPu9UdIJO0beYbPhHN4k6apgJtifcoCtT9bcxOpYBtpD2kCM6Sbzg4CausW/PKQ=="
    },
    "jsonfile": {
      "version": "4.0.0",
      "resolved": "https://registry.npmjs.org/jsonfile/-/jsonfile-4.0.0.tgz",
      "integrity": "sha1-h3Gq4HmbZAdrdmQPygWPnBDjPss=",
      "requires": {
        "graceful-fs": "^4.1.6"
      }
    },
    "lezer": {
      "version": "0.5.0",
      "resolved": "https://registry.npmjs.org/lezer/-/lezer-0.5.0.tgz",
      "integrity": "sha512-1KjATtsaaDmY439Sf01wvaTnkXWd/JvzFY6owoSbCLgGNB3fW+0PRozC4cxXsI30GYaCjPaXRDjzBUaLem6AtQ==",
      "requires": {
        "lezer-tree": "^0.5.0"
      }
    },
    "lezer-css": {
      "version": "0.5.1",
      "resolved": "https://registry.npmjs.org/lezer-css/-/lezer-css-0.5.1.tgz",
      "integrity": "sha512-l3Za5AaUwGHJUVDxhSXzLE2nSqG1EBAoBOBaUtgTNqgfqJZy1pU/2H/e7BOzQUDZUbiakC+QkoS1Fp21VwjCWA==",
      "requires": {
        "lezer": "^0.5.0"
      }
    },
    "lezer-html": {
      "version": "0.5.1",
      "resolved": "https://registry.npmjs.org/lezer-html/-/lezer-html-0.5.1.tgz",
      "integrity": "sha512-3CtgIZCuFY9DEmYEBtwTQP6el0kLyGRR7jOWXy2+Rafyiq7ygPtGkxsan1LNxTth+bM7LUh7rK1N9e2m3Gf+yw==",
      "requires": {
        "lezer": "^0.5.0"
      }
    },
    "lezer-javascript": {
      "version": "0.5.1",
      "resolved": "https://registry.npmjs.org/lezer-javascript/-/lezer-javascript-0.5.1.tgz",
      "integrity": "sha512-uijtgvDOwR9I0CuPB5/i+IKKoHUtjqYf57upW1hYn3ryqTrPI5BFq2LU4poijXKAeDdZ/3xroqraYOu8kh5WnA==",
      "requires": {
        "lezer": "^0.5.0"
      }
    },
    "lezer-tree": {
      "version": "0.5.1",
      "resolved": "https://registry.npmjs.org/lezer-tree/-/lezer-tree-0.5.1.tgz",
      "integrity": "sha512-IxzKEzguKD8tedID4UjStORXOYDIuSwB53UfOp6X/YZTfW817llSjidFDBQGSUB5hnLr9INYmxcHZNidAiHMRg=="
    },
    "magic-string": {
      "version": "0.25.4",
      "resolved": "https://registry.npmjs.org/magic-string/-/magic-string-0.25.4.tgz",
      "integrity": "sha512-oycWO9nEVAP2RVPbIoDoA4Y7LFIJ3xRYov93gAyJhZkET1tNuB0u7uWkZS2LpBWTJUWnmau/To8ECWRC+jKNfw==",
      "requires": {
        "sourcemap-codec": "^1.4.4"
      }
    },
    "marked": {
      "version": "0.8.0",
      "resolved": "https://registry.npmjs.org/marked/-/marked-0.8.0.tgz",
      "integrity": "sha512-MyUe+T/Pw4TZufHkzAfDj6HarCBWia2y27/bhuYkTaiUnfDYFnCP3KUN+9oM7Wi6JA2rymtVYbQu3spE0GCmxQ=="
    },
    "merge-stream": {
      "version": "2.0.0",
      "resolved": "https://registry.npmjs.org/merge-stream/-/merge-stream-2.0.0.tgz",
      "integrity": "sha512-abv/qOcuPfk3URPfDzmZU1LKmuw8kT+0nIHvKrKgFrwifol/doWcdA4ZqsWQ8ENrFKkd67Mfpo/LovbIUsbt3w=="
    },
    "monaco-editor": {
      "version": "0.18.1",
      "resolved": "https://registry.npmjs.org/monaco-editor/-/monaco-editor-0.18.1.tgz",
      "integrity": "sha512-fmL+RFZ2Hrezy+X/5ZczQW51LUmvzfcqOurnkCIRFTyjdVjzR7JvENzI6+VKBJzJdPh6EYL4RoWl92b2Hrk9fw=="
    },
    "normalize-path": {
      "version": "3.0.0",
      "resolved": "https://registry.npmjs.org/normalize-path/-/normalize-path-3.0.0.tgz",
      "integrity": "sha512-6eZs5Ls3WtCisHWp9S2GUy8dqkpGi4BVSz3GaqiE6ezub0512ESztXUwUB6C6IKbQkY2Pnb/mD4WYojCRwcwLA=="
    },
    "os": {
      "version": "0.1.1",
      "resolved": "https://registry.npmjs.org/os/-/os-0.1.1.tgz",
      "integrity": "sha1-IIhF6J4ZOtTZcUdLk5R3NqVtE/M="
    },
    "path": {
      "version": "0.12.7",
      "resolved": "https://registry.npmjs.org/path/-/path-0.12.7.tgz",
      "integrity": "sha1-1NwqUGxM4hl+tIHr/NWzbAFAsQ8=",
      "requires": {
        "process": "^0.11.1",
        "util": "^0.10.3"
      }
    },
    "path-parse": {
      "version": "1.0.6",
      "resolved": "https://registry.npmjs.org/path-parse/-/path-parse-1.0.6.tgz",
      "integrity": "sha512-GSmOT2EbHrINBf9SR7CDELwlJ8AENk3Qn7OikK4nFYAu3Ote2+JYNVvkpAEQm3/TLNEJFD/xZJjzyxg3KBWOzw==",
      "dev": true
    },
    "picomatch": {
      "version": "2.1.1",
      "resolved": "https://registry.npmjs.org/picomatch/-/picomatch-2.1.1.tgz",
      "integrity": "sha512-OYMyqkKzK7blWO/+XZYP6w8hH0LDvkBvdvKukti+7kqYFCiEAk+gI3DWnryapc0Dau05ugGTy0foQ6mqn4AHYA=="
    },
    "postcss": {
      "version": "7.0.24",
      "resolved": "https://registry.npmjs.org/postcss/-/postcss-7.0.24.tgz",
      "integrity": "sha512-Xl0XvdNWg+CblAXzNvbSOUvgJXwSjmbAKORqyw9V2AlHrm1js2gFw9y3jibBAhpKZi8b5JzJCVh/FyzPsTtgTA==",
      "requires": {
        "chalk": "^2.4.2",
        "source-map": "^0.6.1",
        "supports-color": "^6.1.0"
      },
      "dependencies": {
        "supports-color": {
          "version": "6.1.0",
          "resolved": "https://registry.npmjs.org/supports-color/-/supports-color-6.1.0.tgz",
          "integrity": "sha512-qe1jfm1Mg7Nq/NSh6XE24gPXROEVsWHxC1LIx//XNlD9iw7YZQGjZNjYN7xGaEG6iKdA8EtNFW6R0gjnVXp+wQ==",
          "requires": {
            "has-flag": "^3.0.0"
          }
        }
      }
    },
    "postcss-selector-parser": {
      "version": "6.0.2",
      "resolved": "https://registry.npmjs.org/postcss-selector-parser/-/postcss-selector-parser-6.0.2.tgz",
      "integrity": "sha512-36P2QR59jDTOAiIkqEprfJDsoNrvwFei3eCqKd1Y0tUsBimsq39BLp7RD+JWny3WgB1zGhJX8XVePwm9k4wdBg==",
      "requires": {
        "cssesc": "^3.0.0",
        "indexes-of": "^1.0.1",
        "uniq": "^1.0.1"
      }
    },
    "process": {
      "version": "0.11.10",
      "resolved": "https://registry.npmjs.org/process/-/process-0.11.10.tgz",
      "integrity": "sha1-czIwDoQBYb2j5podHZGn1LwW8YI="
    },
    "readdirp": {
      "version": "3.2.0",
      "resolved": "https://registry.npmjs.org/readdirp/-/readdirp-3.2.0.tgz",
      "integrity": "sha512-crk4Qu3pmXwgxdSgGhgA/eXiJAPQiX4GMOZZMXnqKxHX7TaoL+3gQVo/WeuAiogr07DpnfjIMpXXa+PAIvwPGQ==",
      "requires": {
        "picomatch": "^2.0.4"
      }
    },
    "resolve": {
      "version": "1.13.1",
      "resolved": "https://registry.npmjs.org/resolve/-/resolve-1.13.1.tgz",
      "integrity": "sha512-CxqObCX8K8YtAhOBRg+lrcdn+LK+WYOS8tSjqSFbjtrI5PnS63QPhZl4+yKfrU9tdsbMu9Anr/amegT87M9Z6w==",
      "dev": true,
      "requires": {
        "path-parse": "^1.0.6"
      }
    },
    "rollup": {
      "version": "1.27.13",
      "resolved": "https://registry.npmjs.org/rollup/-/rollup-1.27.13.tgz",
      "integrity": "sha512-hDi7M07MpmNSDE8YVwGVFA8L7n8jTLJ4lG65nMAijAyqBe//rtu4JdxjUBE7JqXfdpqxqDTbCDys9WcqdpsQvw==",
      "dev": true,
      "requires": {
        "@types/estree": "*",
        "@types/node": "*",
        "acorn": "^7.1.0"
      }
    },
    "rollup-plugin-commonjs": {
      "version": "10.1.0",
      "resolved": "https://registry.npmjs.org/rollup-plugin-commonjs/-/rollup-plugin-commonjs-10.1.0.tgz",
      "integrity": "sha512-jlXbjZSQg8EIeAAvepNwhJj++qJWNJw1Cl0YnOqKtP5Djx+fFGkp3WRh+W0ASCaFG5w1jhmzDxgu3SJuVxPF4Q==",
      "dev": true,
      "requires": {
        "estree-walker": "^0.6.1",
        "is-reference": "^1.1.2",
        "magic-string": "^0.25.2",
        "resolve": "^1.11.0",
        "rollup-pluginutils": "^2.8.1"
      }
    },
    "rollup-plugin-css-porter": {
      "version": "1.0.2",
      "resolved": "https://registry.npmjs.org/rollup-plugin-css-porter/-/rollup-plugin-css-porter-1.0.2.tgz",
      "integrity": "sha512-efZ+uYsxUFDXwtbjw1sjiL6g1ymZVuLzteew62rmHxS46UWma2eDcK8k8n8c2MuyP2ulxjOM4YNX9X9Z0BYmAg==",
      "requires": {
        "clean-css": "^4.2.1",
        "fs-extra": "^7.0.1",
        "os": "^0.1.1",
        "path": "^0.12.7",
        "rollup-pluginutils": "^2.4.1"
      }
    },
    "rollup-plugin-embed-css": {
      "version": "1.0.11",
      "resolved": "https://registry.npmjs.org/rollup-plugin-embed-css/-/rollup-plugin-embed-css-1.0.11.tgz",
      "integrity": "sha512-+hTXV4qD7AX37s8FhfSV+asLjT/z9ViBFy7Y8VJoLSlHmIZ3oRjZwWisGb+JLeSj3YN6FLvePqZTUKXPL9fJdg==",
      "requires": {
        "@nlib/afs": "^3.15.1",
        "esifycss": "^1.3.12",
        "postcss": "^7.0.24",
        "rollup-pluginutils": "^2.8.2"
      }
    },
    "rollup-plugin-node-resolve": {
      "version": "5.2.0",
      "resolved": "https://registry.npmjs.org/rollup-plugin-node-resolve/-/rollup-plugin-node-resolve-5.2.0.tgz",
      "integrity": "sha512-jUlyaDXts7TW2CqQ4GaO5VJ4PwwaV8VUGA7+km3n6k6xtOEacf61u0VXwN80phY/evMcaS+9eIeJ9MOyDxt5Zw==",
      "dev": true,
      "requires": {
        "@types/resolve": "0.0.8",
        "builtin-modules": "^3.1.0",
        "is-module": "^1.0.0",
        "resolve": "^1.11.1",
        "rollup-pluginutils": "^2.8.1"
      }
    },
    "rollup-plugin-replace": {
      "version": "2.2.0",
      "resolved": "https://registry.npmjs.org/rollup-plugin-replace/-/rollup-plugin-replace-2.2.0.tgz",
      "integrity": "sha512-/5bxtUPkDHyBJAKketb4NfaeZjL5yLZdeUihSfbF2PQMz+rSTEb8ARKoOl3UBT4m7/X+QOXJo3sLTcq+yMMYTA==",
      "requires": {
        "magic-string": "^0.25.2",
        "rollup-pluginutils": "^2.6.0"
      }
    },
    "rollup-plugin-terser": {
      "version": "5.1.3",
      "resolved": "https://registry.npmjs.org/rollup-plugin-terser/-/rollup-plugin-terser-5.1.3.tgz",
      "integrity": "sha512-FuFuXE5QUJ7snyxHLPp/0LFXJhdomKlIx/aK7Tg88Yubsx/UU/lmInoJafXJ4jwVVNcORJ1wRUC5T9cy5yk0wA==",
      "requires": {
        "@babel/code-frame": "^7.0.0",
        "jest-worker": "^24.6.0",
        "rollup-pluginutils": "^2.8.1",
        "serialize-javascript": "^2.1.2",
        "terser": "^4.1.0"
      }
    },
    "rollup-pluginutils": {
      "version": "2.8.2",
      "resolved": "https://registry.npmjs.org/rollup-pluginutils/-/rollup-pluginutils-2.8.2.tgz",
      "integrity": "sha512-EEp9NhnUkwY8aif6bxgovPHMoMoNr2FulJziTndpt5H9RdwC47GSGuII9XxpSdzVGM0GWrNPHV6ie1LTNJPaLQ==",
      "requires": {
        "estree-walker": "^0.6.1"
      }
    },
    "semver": {
      "version": "6.3.0",
      "resolved": "https://registry.npmjs.org/semver/-/semver-6.3.0.tgz",
      "integrity": "sha512-b39TBaTSfV6yBrapU89p5fKekE2m/NwnDocOVruQFS1/veMgdzuPcnOM34M6CwxW8jH/lxEa5rBoDeUwu5HHTw=="
    },
    "serialize-javascript": {
      "version": "2.1.2",
      "resolved": "https://registry.npmjs.org/serialize-javascript/-/serialize-javascript-2.1.2.tgz",
      "integrity": "sha512-rs9OggEUF0V4jUSecXazOYsLfu7OGK2qIn3c7IPBiffz32XniEp/TX9Xmc9LQfK2nQ2QKHvZ2oygKUGU0lG4jQ=="
    },
    "source-map": {
      "version": "0.6.1",
      "resolved": "https://registry.npmjs.org/source-map/-/source-map-0.6.1.tgz",
      "integrity": "sha512-UjgapumWlbMhkBgzT7Ykc5YXUT46F0iKu8SGXq0bcwP5dz/h0Plj6enJqjz1Zbq2l5WaqYnrVbwWOWMyF3F47g=="
    },
    "source-map-support": {
      "version": "0.5.16",
      "resolved": "https://registry.npmjs.org/source-map-support/-/source-map-support-0.5.16.tgz",
      "integrity": "sha512-efyLRJDr68D9hBBNIPWFjhpFzURh+KJykQwvMyW5UiZzYwoF6l4YMMDIJJEyFWxWCqfyxLzz6tSfUFR+kXXsVQ==",
      "requires": {
        "buffer-from": "^1.0.0",
        "source-map": "^0.6.0"
      }
    },
    "sourcemap-codec": {
      "version": "1.4.6",
      "resolved": "https://registry.npmjs.org/sourcemap-codec/-/sourcemap-codec-1.4.6.tgz",
      "integrity": "sha512-1ZooVLYFxC448piVLBbtOxFcXwnymH9oUF8nRd3CuYDVvkRBxRl6pB4Mtas5a4drtL+E8LDgFkQNcgIw6tc8Hg=="
    },
    "style-mod": {
      "version": "2.1.0",
      "resolved": "https://registry.npmjs.org/style-mod/-/style-mod-2.1.0.tgz",
      "integrity": "sha512-LttQlkcL9EqtSIRz4vYXonSWPPZWeaVxCSbClQXM1Vc8/jU2WmCbMDe0F828AKKwtXe9qPWk3OlPmjC7ewAy6Q=="
    },
    "supports-color": {
      "version": "5.5.0",
      "resolved": "https://registry.npmjs.org/supports-color/-/supports-color-5.5.0.tgz",
      "integrity": "sha512-QjVjwdXIt408MIiAqCX4oUKsgU2EqAGzs2Ppkm4aQYbjm+ZEWEcW4SfFNTr4uMNZma0ey4f5lgLrkB0aX0QMow==",
      "requires": {
        "has-flag": "^3.0.0"
      }
    },
    "terser": {
      "version": "4.4.2",
      "resolved": "https://registry.npmjs.org/terser/-/terser-4.4.2.tgz",
      "integrity": "sha512-Uufrsvhj9O1ikwgITGsZ5EZS6qPokUOkCegS7fYOdGTv+OA90vndUbU6PEjr5ePqHfNUbGyMO7xyIZv2MhsALQ==",
      "requires": {
        "commander": "^2.20.0",
        "source-map": "~0.6.1",
        "source-map-support": "~0.5.12"
      }
    },
    "to-regex-range": {
      "version": "5.0.1",
      "resolved": "https://registry.npmjs.org/to-regex-range/-/to-regex-range-5.0.1.tgz",
      "integrity": "sha512-65P7iz6X5yEr1cwcgvQxbbIw7Uk3gOy5dIdtZ4rDveLqhrdJP+Li/Hx6tyK0NEb+2GCyneCMJiGqrADCSNk8sQ==",
      "requires": {
        "is-number": "^7.0.0"
      }
    },
    "tslib": {
      "version": "1.10.0",
      "resolved": "https://registry.npmjs.org/tslib/-/tslib-1.10.0.tgz",
      "integrity": "sha512-qOebF53frne81cf0S9B41ByenJ3/IuH8yJKngAX35CmiZySA0khhkovshKK+jGCaMnVomla7gVlIcc3EvKPbTQ=="
    },
    "uniq": {
      "version": "1.0.1",
      "resolved": "https://registry.npmjs.org/uniq/-/uniq-1.0.1.tgz",
      "integrity": "sha1-sxxa6CVIRKOoKBVBzisEuGWnNP8="
    },
    "universalify": {
      "version": "0.1.2",
      "resolved": "https://registry.npmjs.org/universalify/-/universalify-0.1.2.tgz",
      "integrity": "sha512-rBJeI5CXAlmy1pV+617WB9J63U6XcazHHF2f2dbJix4XzpUF0RS3Zbj0FGIOCAva5P/d/GBOYaACQ1w+0azUkg=="
    },
    "util": {
      "version": "0.10.4",
      "resolved": "https://registry.npmjs.org/util/-/util-0.10.4.tgz",
      "integrity": "sha512-0Pm9hTQ3se5ll1XihRic3FDIku70C+iHUdT/W926rSgHV5QgXsYbKZN8MSC3tJtSkhuROzvsQjAaFENRXr+19A==",
      "requires": {
        "inherits": "2.0.3"
      }
    },
    "vlq": {
      "version": "1.0.1",
      "resolved": "https://registry.npmjs.org/vlq/-/vlq-1.0.1.tgz",
      "integrity": "sha512-gQpnTgkubC6hQgdIcRdYGDSDc+SaujOdyesZQMv6JlfQee/9Mp0Qhnys6WxDWvQnL5WZdT7o2Ul187aSt0Rq+w=="
    },
    "vue": {
      "version": "2.6.11",
      "resolved": "https://registry.npmjs.org/vue/-/vue-2.6.11.tgz",
      "integrity": "sha512-VfPwgcGABbGAue9+sfrD4PuwFar7gPb1yl1UK1MwXoQPAw0BKSqWfoYCT/ThFrdEVWoI51dBuyCoiNU9bZDZxQ=="
    },
    "vue-next": {
      "version": "0.0.1",
      "resolved": "https://registry.npmjs.org/vue-next/-/vue-next-0.0.1.tgz",
      "integrity": "sha512-y1ezq/cCvvCp5YqDzoOFiyiWLl+WmsMyLICGOW/y7EsENrJsJ2Uqa+sKTT2F53EF/iLx2QhU6qderjoVWU5RJw==",
      "requires": {
        "source-map": "^0.7.3"
      },
      "dependencies": {
        "source-map": {
          "version": "0.7.3",
          "resolved": "https://registry.npmjs.org/source-map/-/source-map-0.7.3.tgz",
          "integrity": "sha512-CkCj6giN3S+n9qrYiBTX5gystlENnRW5jZeNLHpe6aue+SrHcG5VYwujhW9s4dY31mEGsxBDrHR6oI69fTXsaQ=="
        }
      }
    },
    "vue-use-web": {
      "version": "0.10.0",
      "resolved": "https://registry.npmjs.org/vue-use-web/-/vue-use-web-0.10.0.tgz",
      "integrity": "sha512-pXyKCICKeInVIpLbt92WzEaGSm9LwyeVmv9iLo0nwCa5aScJGkqWiJ0X5pHkhEYOMfe0YYG5w8w8fdHQZu6rmA=="
    },
    "w3c-keyname": {
      "version": "2.2.1",
      "resolved": "https://registry.npmjs.org/w3c-keyname/-/w3c-keyname-2.2.1.tgz",
      "integrity": "sha512-j5k4xGK6k8TCna/08778KUEL98WvTogiG/TN/YStl8GNeXg5tI3Dvq3+JjwJhP4l7ogs6KWo1VYEdc1Qaioy3Q=="
    }
  }
}
